
Microsoft Visual Studio Solution File, Format Version 12.00
# Visual Studio Version 17
VisualStudioVersion = 17.9.34723.18
MinimumVisualStudioVersion = 10.0.40219.1
Project("{FAE04EC0-301F-11D3-BF4B-00C04F79EFBC}") = "Task_7", "Task_7\Task_7.csproj", "{5E13726F-F52A-4ED9-86DC-B5D01A3BD478}"
EndProject
Global
	GlobalSection(SolutionConfigurationPlatforms) = preSolution
		Debug|Any CPU = Debug|Any CPU
		Release|Any CPU = Release|Any CPU
	EndGlobalSection
	GlobalSection(ProjectConfigurationPlatforms) = postSolution
		{5E13726F-F52A-4ED9-86DC-B5D01A3BD478}.Debug|Any CPU.ActiveCfg = Debug|Any CPU
		{5E13726F-F52A-4ED9-86DC-B5D01A3BD478}.Debug|Any CPU.Build.0 = Debug|Any CPU
		{5E13726F-F52A-4ED9-86DC-B5D01A3BD478}.Release|Any CPU.ActiveCfg = Release|Any CPU
		{5E13726F-F52A-4ED9-86DC-B5D01A3BD478}.Release|Any CPU.Build.0 = Release|Any CPU
	EndGlobalSection
	GlobalSection(SolutionProperties) = preSolution
		HideSolutionNode = FALSE
	EndGlobalSection
	GlobalSection(ExtensibilityGlobals) = postSolution
		SolutionGuid = {9C7851D2-753D-4A74-AA4C-2FD77B85D551}
	EndGlobalSection
EndGlobal
